
Microsoft Visual Studio Solution File, Format Version 12.00
# Visual Studio 15
VisualStudioVersion = 15.0.28307.489
MinimumVisualStudioVersion = 10.0.40219.1
Project("{FAE04EC0-301F-11D3-BF4B-00C04F79EFBC}") = "START", "START\START.csproj", "{FDC2E0A6-B36F-4CA3-A6CF-8BA5B7AB2DC8}"
EndProject
Global
	GlobalSection(SolutionConfigurationPlatforms) = preSolution
		Debug|Any CPU = Debug|Any CPU
		Release|Any CPU = Release|Any CPU
	EndGlobalSection
	GlobalSection(ProjectConfigurationPlatforms) = postSolution
		{FDC2E0A6-B36F-4CA3-A6CF-8BA5B7AB2DC8}.Debug|Any CPU.ActiveCfg = Debug|Any CPU
		{FDC2E0A6-B36F-4CA3-A6CF-8BA5B7AB2DC8}.Debug|Any CPU.Build.0 = Debug|Any CPU
		{FDC2E0A6-B36F-4CA3-A6CF-8BA5B7AB2DC8}.Release|Any CPU.ActiveCfg = Release|Any CPU
		{FDC2E0A6-B36F-4CA3-A6CF-8BA5B7AB2DC8}.Release|Any CPU.Build.0 = Release|Any CPU
	EndGlobalSection
	GlobalSection(SolutionProperties) = preSolution
		HideSolutionNode = FALSE
	EndGlobalSection
	GlobalSection(ExtensibilityGlobals) = postSolution
		SolutionGuid = {8B2B6B45-6389-4F26-866C-1049458ECE75}
	EndGlobalSection
EndGlobal
